
Microsoft Visual Studio Solution File, Format Version 11.00
# Visual Studio 2010
Project("{8BC9CEB8-8B4A-11D0-8D11-00A0C91BC942}") = "Symulator Soczewek", "Symulator Soczewek\Symulator Soczewek.vcxproj", "{986176C5-84FD-4B8E-AAF6-6C21B1629235}"
EndProject
Global
	GlobalSection(SolutionConfigurationPlatforms) = preSolution
		Debug|Win32 = Debug|Win32
		Release|Win32 = Release|Win32
	EndGlobalSection
	GlobalSection(ProjectConfigurationPlatforms) = postSolution
		{986176C5-84FD-4B8E-AAF6-6C21B1629235}.Debug|Win32.ActiveCfg = Debug|Win32
		{986176C5-84FD-4B8E-AAF6-6C21B1629235}.Debug|Win32.Build.0 = Debug|Win32
		{986176C5-84FD-4B8E-AAF6-6C21B1629235}.Release|Win32.ActiveCfg = Release|Win32
		{986176C5-84FD-4B8E-AAF6-6C21B1629235}.Release|Win32.Build.0 = Release|Win32
	EndGlobalSection
	GlobalSection(SolutionProperties) = preSolution
		HideSolutionNode = FALSE
	EndGlobalSection
EndGlobal
